// !$*UTF8*$!
{
	archiveVersion = 1;
	classes = {
	};
	objectVersion = 48;
	objects = {

/* Begin PBXBuildFile section */
		2612476B2040106600D95138 /* SolarNode.swift in Sources */ = {isa = PBXBuildFile; fileRef = 2612476A2040106600D95138 /* SolarNode.swift */; };
		2612477520401EB600D95138 /* Bullet.swift in Sources */ = {isa = PBXBuildFile; fileRef = 2612477420401EB600D95138 /* Bullet.swift */; };
		261247772040247600D95138 /* explosion.scnp in Resources */ = {isa = PBXBuildFile; fileRef = 261247762040247500D95138 /* explosion.scnp */; };
		2612477920402C5700D95138 /* explosion.mp3 in Resources */ = {isa = PBXBuildFile; fileRef = 2612477820402C5700D95138 /* explosion.mp3 */; };
		2612477B20402C5D00D95138 /* collision.mp3 in Resources */ = {isa = PBXBuildFile; fileRef = 2612477A20402C5D00D95138 /* collision.mp3 */; };
		2612478420406C0F00D95138 /* EarthPosition.swift in Sources */ = {isa = PBXBuildFile; fileRef = 2612478020406C0E00D95138 /* EarthPosition.swift */; };
		2612478520406C0F00D95138 /* Extension.swift in Sources */ = {isa = PBXBuildFile; fileRef = 2612478120406C0F00D95138 /* Extension.swift */; };
		2612478620406C0F00D95138 /* Helper.swift in Sources */ = {isa = PBXBuildFile; fileRef = 2612478220406C0F00D95138 /* Helper.swift */; };
		2612478720406C0F00D95138 /* Constants.swift in Sources */ = {isa = PBXBuildFile; fileRef = 2612478320406C0F00D95138 /* Constants.swift */; };
		261247C720429DD800D95138 /* fire.scnp in Resources */ = {isa = PBXBuildFile; fileRef = 261247C520429DD800D95138 /* fire.scnp */; };
		261247C820429DD800D95138 /* spark.png in Resources */ = {isa = PBXBuildFile; fileRef = 261247C620429DD800D95138 /* spark.png */; };
		261247CA2042A55500D95138 /* ProgressBar.swift in Sources */ = {isa = PBXBuildFile; fileRef = 261247C92042A55500D95138 /* ProgressBar.swift */; };
		261247CC2042A8EE00D95138 /* SKOverlay.swift in Sources */ = {isa = PBXBuildFile; fileRef = 261247CB2042A8EE00D95138 /* SKOverlay.swift */; };
		261247CE2042B57200D95138 /* AlertMessage.swift in Sources */ = {isa = PBXBuildFile; fileRef = 261247CD2042B57200D95138 /* AlertMessage.swift */; };
		261247D02042B95600D95138 /* Evaluation.swift in Sources */ = {isa = PBXBuildFile; fileRef = 261247CF2042B95600D95138 /* Evaluation.swift */; };
		261247D22042EE3200D95138 /* facebook.png in Resources */ = {isa = PBXBuildFile; fileRef = 261247D12042EE3200D95138 /* facebook.png */; };
		261247D42042EE3600D95138 /* twitter.png in Resources */ = {isa = PBXBuildFile; fileRef = 261247D32042EE3600D95138 /* twitter.png */; };
		261247D62043074B00D95138 /* InitialViewController.swift in Sources */ = {isa = PBXBuildFile; fileRef = 261247D52043074B00D95138 /* InitialViewController.swift */; };
		261247D82043B4B900D95138 /* alert.wav in Resources */ = {isa = PBXBuildFile; fileRef = 261247D72043B4B900D95138 /* alert.wav */; };
		261247DB2043B57D00D95138 /* thruster.wav in Resources */ = {isa = PBXBuildFile; fileRef = 261247D92043B57C00D95138 /* thruster.wav */; };
		261247DC2043B57D00D95138 /* missile.wav in Resources */ = {isa = PBXBuildFile; fileRef = 261247DA2043B57D00D95138 /* missile.wav */; };
		261247DF2043BB6A00D95138 /* OnBoardShipViewController.swift in Sources */ = {isa = PBXBuildFile; fileRef = 261247DE2043BB6A00D95138 /* OnBoardShipViewController.swift */; };
		261247E12043C22100D95138 /* meteror.mp4 in Resources */ = {isa = PBXBuildFile; fileRef = 261247E02043C22100D95138 /* meteror.mp4 */; };
		261247E32043FD9C00D95138 /* room.png in Resources */ = {isa = PBXBuildFile; fileRef = 261247E22043FD9C00D95138 /* room.png */; };
		261247E52044056D00D95138 /* cockpit.png in Resources */ = {isa = PBXBuildFile; fileRef = 261247E42044056D00D95138 /* cockpit.png */; };
		261247E92044094900D95138 /* cock.png in Resources */ = {isa = PBXBuildFile; fileRef = 261247E82044094900D95138 /* cock.png */; };
		261247EB20440B5600D95138 /* bg.png in Resources */ = {isa = PBXBuildFile; fileRef = 261247EA20440B5600D95138 /* bg.png */; };
		261247ED20440DB400D95138 /* aiming.png in Resources */ = {isa = PBXBuildFile; fileRef = 261247EC20440DB300D95138 /* aiming.png */; };
		261247F120440E7000D95138 /* circle.png in Resources */ = {isa = PBXBuildFile; fileRef = 261247F020440E7000D95138 /* circle.png */; };
		266D372B2045006A00B6E5BD /* rock.jpg in Resources */ = {isa = PBXBuildFile; fileRef = 266D372A2045006900B6E5BD /* rock.jpg */; };
		26BA7B9220400E09009052CD /* AppDelegate.swift in Sources */ = {isa = PBXBuildFile; fileRef = 26BA7B9120400E09009052CD /* AppDelegate.swift */; };
		26BA7B9420400E09009052CD /* art.scnassets in Resources */ = {isa = PBXBuildFile; fileRef = 26BA7B9320400E09009052CD /* art.scnassets */; };
		26BA7B9620400E09009052CD /* ViewController.swift in Sources */ = {isa = PBXBuildFile; fileRef = 26BA7B9520400E09009052CD /* ViewController.swift */; };
		26BA7B9920400E09009052CD /* Main.storyboard in Resources */ = {isa = PBXBuildFile; fileRef = 26BA7B9720400E09009052CD /* Main.storyboard */; };
		26BA7B9B20400E09009052CD /* Assets.xcassets in Resources */ = {isa = PBXBuildFile; fileRef = 26BA7B9A20400E09009052CD /* Assets.xcassets */; };
		26BA7B9E20400E09009052CD /* LaunchScreen.storyboard in Resources */ = {isa = PBXBuildFile; fileRef = 26BA7B9C20400E09009052CD /* LaunchScreen.storyboard */; };
		26BA7BA920400E09009052CD /* ARHeroTests.swift in Sources */ = {isa = PBXBuildFile; fileRef = 26BA7BA820400E09009052CD /* ARHeroTests.swift */; };
		26BA7BB420400E09009052CD /* ARHeroUITests.swift in Sources */ = {isa = PBXBuildFile; fileRef = 26BA7BB320400E09009052CD /* ARHeroUITests.swift */; };
/* End PBXBuildFile section */

/* Begin PBXContainerItemProxy section */
		26BA7BA520400E09009052CD /* PBXContainerItemProxy */ = {
			isa = PBXContainerItemProxy;
			containerPortal = 26BA7B8620400E09009052CD /* Project object */;
			proxyType = 1;
			remoteGlobalIDString = 26BA7B8D20400E09009052CD;
			remoteInfo = ARHero;
		};
		26BA7BB020400E09009052CD /* PBXContainerItemProxy */ = {
			isa = PBXContainerItemProxy;
			containerPortal = 26BA7B8620400E09009052CD /* Project object */;
			proxyType = 1;
			remoteGlobalIDString = 26BA7B8D20400E09009052CD;
			remoteInfo = ARHero;
		};
/* End PBXContainerItemProxy section */

/* Begin PBXFileReference section */
		2612476A2040106600D95138 /* SolarNode.swift */ = {isa = PBXFileReference; fileEncoding = 4; lastKnownFileType = sourcecode.swift; path = SolarNode.swift; sourceTree = "<group>"; };
		2612477420401EB600D95138 /* Bullet.swift */ = {isa = PBXFileReference; fileEncoding = 4; lastKnownFileType = sourcecode.swift; path = Bullet.swift; sourceTree = "<group>"; };
		261247762040247500D95138 /* explosion.scnp */ = {isa = PBXFileReference; lastKnownFileType = file.scp; path = explosion.scnp; sourceTree = "<group>"; };
		2612477820402C5700D95138 /* explosion.mp3 */ = {isa = PBXFileReference; lastKnownFileType = audio.mp3; path = explosion.mp3; sourceTree = "<group>"; };
		2612477A20402C5D00D95138 /* collision.mp3 */ = {isa = PBXFileReference; lastKnownFileType = audio.mp3; path = collision.mp3; sourceTree = "<group>"; };
		2612478020406C0E00D95138 /* EarthPosition.swift */ = {isa = PBXFileReference; lastKnownFileType = sourcecode.swift; path = EarthPosition.swift; sourceTree = "<group>"; };
		2612478120406C0F00D95138 /* Extension.swift */ = {isa = PBXFileReference; lastKnownFileType = sourcecode.swift; path = Extension.swift; sourceTree = "<group>"; };
		2612478220406C0F00D95138 /* Helper.swift */ = {isa = PBXFileReference; lastKnownFileType = sourcecode.swift; path = Helper.swift; sourceTree = "<group>"; };
		2612478320406C0F00D95138 /* Constants.swift */ = {isa = PBXFileReference; lastKnownFileType = sourcecode.swift; path = Constants.swift; sourceTree = "<group>"; };
		261247C520429DD800D95138 /* fire.scnp */ = {isa = PBXFileReference; lastKnownFileType = file.scp; path = fire.scnp; sourceTree = "<group>"; };
		261247C620429DD800D95138 /* spark.png */ = {isa = PBXFileReference; lastKnownFileType = image.png; path = spark.png; sourceTree = "<group>"; };
		261247C92042A55500D95138 /* ProgressBar.swift */ = {isa = PBXFileReference; lastKnownFileType = sourcecode.swift; path = ProgressBar.swift; sourceTree = "<group>"; };
		261247CB2042A8EE00D95138 /* SKOverlay.swift */ = {isa = PBXFileReference; lastKnownFileType = sourcecode.swift; path = SKOverlay.swift; sourceTree = "<group>"; };
		261247CD2042B57200D95138 /* AlertMessage.swift */ = {isa = PBXFileReference; lastKnownFileType = sourcecode.swift; path = AlertMessage.swift; sourceTree = "<group>"; };
		261247CF2042B95600D95138 /* Evaluation.swift */ = {isa = PBXFileReference; lastKnownFileType = sourcecode.swift; path = Evaluation.swift; sourceTree = "<group>"; };
		261247D12042EE3200D95138 /* facebook.png */ = {isa = PBXFileReference; lastKnownFileType = image.png; path = facebook.png; sourceTree = "<group>"; };
		261247D32042EE3600D95138 /* twitter.png */ = {isa = PBXFileReference; lastKnownFileType = image.png; path = twitter.png; sourceTree = "<group>"; };
		261247D52043074B00D95138 /* InitialViewController.swift */ = {isa = PBXFileReference; lastKnownFileType = sourcecode.swift; path = InitialViewController.swift; sourceTree = "<group>"; };
		261247D72043B4B900D95138 /* alert.wav */ = {isa = PBXFileReference; lastKnownFileType = audio.wav; path = alert.wav; sourceTree = "<group>"; };
		261247D92043B57C00D95138 /* thruster.wav */ = {isa = PBXFileReference; lastKnownFileType = audio.wav; path = thruster.wav; sourceTree = "<group>"; };
		261247DA2043B57D00D95138 /* missile.wav */ = {isa = PBXFileReference; lastKnownFileType = audio.wav; path = missile.wav; sourceTree = "<group>"; };
		261247DE2043BB6A00D95138 /* OnBoardShipViewController.swift */ = {isa = PBXFileReference; lastKnownFileType = sourcecode.swift; path = OnBoardShipViewController.swift; sourceTree = "<group>"; };
		261247E02043C22100D95138 /* meteror.mp4 */ = {isa = PBXFileReference; lastKnownFileType = file; path = meteror.mp4; sourceTree = "<group>"; };
		261247E22043FD9C00D95138 /* room.png */ = {isa = PBXFileReference; lastKnownFileType = image.png; path = room.png; sourceTree = "<group>"; };
		261247E42044056D00D95138 /* cockpit.png */ = {isa = PBXFileReference; lastKnownFileType = image.png; path = cockpit.png; sourceTree = "<group>"; };
		261247E82044094900D95138 /* cock.png */ = {isa = PBXFileReference; lastKnownFileType = image.png; path = cock.png; sourceTree = "<group>"; };
		261247EA20440B5600D95138 /* bg.png */ = {isa = PBXFileReference; lastKnownFileType = image.png; path = bg.png; sourceTree = "<group>"; };
		261247EC20440DB300D95138 /* aiming.png */ = {isa = PBXFileReference; lastKnownFileType = image.png; path = aiming.png; sourceTree = "<group>"; };
		261247F020440E7000D95138 /* circle.png */ = {isa = PBXFileReference; lastKnownFileType = image.png; path = circle.png; sourceTree = "<group>"; };
		266D372A2045006900B6E5BD /* rock.jpg */ = {isa = PBXFileReference; lastKnownFileType = image.jpeg; path = rock.jpg; sourceTree = "<group>"; };
		26BA7B8E20400E09009052CD /* ARHero.app */ = {isa = PBXFileReference; explicitFileType = wrapper.application; includeInIndex = 0; path = ARHero.app; sourceTree = BUILT_PRODUCTS_DIR; };
		26BA7B9120400E09009052CD /* AppDelegate.swift */ = {isa = PBXFileReference; lastKnownFileType = sourcecode.swift; path = AppDelegate.swift; sourceTree = "<group>"; };
		26BA7B9320400E09009052CD /* art.scnassets */ = {isa = PBXFileReference; lastKnownFileType = wrapper.scnassets; path = art.scnassets; sourceTree = "<group>"; };
		26BA7B9520400E09009052CD /* ViewController.swift */ = {isa = PBXFileReference; lastKnownFileType = sourcecode.swift; path = ViewController.swift; sourceTree = "<group>"; };
		26BA7B9820400E09009052CD /* Base */ = {isa = PBXFileReference; lastKnownFileType = file.storyboard; name = Base; path = Base.lproj/Main.storyboard; sourceTree = "<group>"; };
		26BA7B9A20400E09009052CD /* Assets.xcassets */ = {isa = PBXFileReference; lastKnownFileType = folder.assetcatalog; path = Assets.xcassets; sourceTree = "<group>"; };
		26BA7B9D20400E09009052CD /* Base */ = {isa = PBXFileReference; lastKnownFileType = file.storyboard; name = Base; path = Base.lproj/LaunchScreen.storyboard; sourceTree = "<group>"; };
		26BA7B9F20400E09009052CD /* Info.plist */ = {isa = PBXFileReference; lastKnownFileType = text.plist.xml; path = Info.plist; sourceTree = "<group>"; };
		26BA7BA420400E09009052CD /* ARHeroTests.xctest */ = {isa = PBXFileReference; explicitFileType = wrapper.cfbundle; includeInIndex = 0; path = ARHeroTests.xctest; sourceTree = BUILT_PRODUCTS_DIR; };
		26BA7BA820400E09009052CD /* ARHeroTests.swift */ = {isa = PBXFileReference; lastKnownFileType = sourcecode.swift; path = ARHeroTests.swift; sourceTree = "<group>"; };
		26BA7BAA20400E09009052CD /* Info.plist */ = {isa = PBXFileReference; lastKnownFileType = text.plist.xml; path = Info.plist; sourceTree = "<group>"; };
		26BA7BAF20400E09009052CD /* ARHeroUITests.xctest */ = {isa = PBXFileReference; explicitFileType = wrapper.cfbundle; includeInIndex = 0; path = ARHeroUITests.xctest; sourceTree = BUILT_PRODUCTS_DIR; };
		26BA7BB320400E09009052CD /* ARHeroUITests.swift */ = {isa = PBXFileReference; lastKnownFileType = sourcecode.swift; path = ARHeroUITests.swift; sourceTree = "<group>"; };
		26BA7BB520400E09009052CD /* Info.plist */ = {isa = PBXFileReference; lastKnownFileType = text.plist.xml; path = Info.plist; sourceTree = "<group>"; };
/* End PBXFileReference section */

/* Begin PBXFrameworksBuildPhase section */
		26BA7B8B20400E09009052CD /* Frameworks */ = {
			isa = PBXFrameworksBuildPhase;
			buildActionMask = 2147483647;
			files = (
			);
			runOnlyForDeploymentPostprocessing = 0;
		};
		26BA7BA120400E09009052CD /* Frameworks */ = {
			isa = PBXFrameworksBuildPhase;
			buildActionMask = 2147483647;
			files = (
			);
			runOnlyForDeploymentPostprocessing = 0;
		};
		26BA7BAC20400E09009052CD /* Frameworks */ = {
			isa = PBXFrameworksBuildPhase;
			buildActionMask = 2147483647;
			files = (
			);
			runOnlyForDeploymentPostprocessing = 0;
		};
/* End PBXFrameworksBuildPhase section */

/* Begin PBXGroup section */
		2612477C20406B8F00D95138 /* ViewController */ = {
			isa = PBXGroup;
			children = (
				261247D52043074B00D95138 /* InitialViewController.swift */,
				261247DE2043BB6A00D95138 /* OnBoardShipViewController.swift */,
				26BA7B9520400E09009052CD /* ViewController.swift */,
			);
			path = ViewController;
			sourceTree = "<group>";
		};
		2612477D20406BB800D95138 /* Model */ = {
			isa = PBXGroup;
			children = (
				2612477420401EB600D95138 /* Bullet.swift */,
				2612476A2040106600D95138 /* SolarNode.swift */,
			);
			path = Model;
			sourceTree = "<group>";
		};
		2612477E20406BEA00D95138 /* Sound */ = {
			isa = PBXGroup;
			children = (
				261247D72043B4B900D95138 /* alert.wav */,
				261247DA2043B57D00D95138 /* missile.wav */,
				261247D92043B57C00D95138 /* thruster.wav */,
				2612477820402C5700D95138 /* explosion.mp3 */,
				2612477A20402C5D00D95138 /* collision.mp3 */,
			);
			path = Sound;
			sourceTree = "<group>";
		};
		2612477F20406BF700D95138 /* Effect */ = {
			isa = PBXGroup;
			children = (
				261247762040247500D95138 /* explosion.scnp */,
				261247C520429DD800D95138 /* fire.scnp */,
				261247C620429DD800D95138 /* spark.png */,
			);
			path = Effect;
			sourceTree = "<group>";
		};
		261247DD2043B58500D95138 /* New Group */ = {
			isa = PBXGroup;
			children = (
			);
			path = "New Group";
			sourceTree = "<group>";
		};
		26BA7B8520400E09009052CD = {
			isa = PBXGroup;
			children = (
				26BA7B9020400E09009052CD /* ARHero */,
				26BA7BA720400E09009052CD /* ARHeroTests */,
				26BA7BB220400E09009052CD /* ARHeroUITests */,
				26BA7B8F20400E09009052CD /* Products */,
			);
			sourceTree = "<group>";
		};
		26BA7B8F20400E09009052CD /* Products */ = {
			isa = PBXGroup;
			children = (
				26BA7B8E20400E09009052CD /* ARHero.app */,
				26BA7BA420400E09009052CD /* ARHeroTests.xctest */,
				26BA7BAF20400E09009052CD /* ARHeroUITests.xctest */,
			);
			name = Products;
			sourceTree = "<group>";
		};
		26BA7B9020400E09009052CD /* ARHero */ = {
			isa = PBXGroup;
			children = (
				26BA7B9120400E09009052CD /* AppDelegate.swift */,
				2612478320406C0F00D95138 /* Constants.swift */,
				2612478020406C0E00D95138 /* EarthPosition.swift */,
				2612478120406C0F00D95138 /* Extension.swift */,
				2612478220406C0F00D95138 /* Helper.swift */,
				261247CB2042A8EE00D95138 /* SKOverlay.swift */,
				261247C92042A55500D95138 /* ProgressBar.swift */,
				261247CD2042B57200D95138 /* AlertMessage.swift */,
				261247CF2042B95600D95138 /* Evaluation.swift */,
				26BA7B9320400E09009052CD /* art.scnassets */,
				2612477C20406B8F00D95138 /* ViewController */,
				2612477D20406BB800D95138 /* Model */,
				2612477E20406BEA00D95138 /* Sound */,
				2612477F20406BF700D95138 /* Effect */,
				26BA7B9720400E09009052CD /* Main.storyboard */,
				26BA7B9A20400E09009052CD /* Assets.xcassets */,
				261247E02043C22100D95138 /* meteror.mp4 */,
				261247DD2043B58500D95138 /* New Group */,
				261247D12042EE3200D95138 /* facebook.png */,
				266D372A2045006900B6E5BD /* rock.jpg */,
				261247E42044056D00D95138 /* cockpit.png */,
				261247EA20440B5600D95138 /* bg.png */,
				261247D32042EE3600D95138 /* twitter.png */,
				261247F020440E7000D95138 /* circle.png */,
				261247EC20440DB300D95138 /* aiming.png */,
				261247E82044094900D95138 /* cock.png */,
				261247E22043FD9C00D95138 /* room.png */,
				26BA7B9C20400E09009052CD /* LaunchScreen.storyboard */,
				26BA7B9F20400E09009052CD /* Info.plist */,
			);
			path = ARHero;
			sourceTree = "<group>";
		};
		26BA7BA720400E09009052CD /* ARHeroTests */ = {
			isa = PBXGroup;
			children = (
				26BA7BA820400E09009052CD /* ARHeroTests.swift */,
				26BA7BAA20400E09009052CD /* Info.plist */,
			);
			path = ARHeroTests;
			sourceTree = "<group>";
		};
		26BA7BB220400E09009052CD /* ARHeroUITests */ = {
			isa = PBXGroup;
			children = (
				26BA7BB320400E09009052CD /* ARHeroUITests.swift */,
				26BA7BB520400E09009052CD /* Info.plist */,
			);
			path = ARHeroUITests;
			sourceTree = "<group>";
		};
/* End PBXGroup section */

/* Begin PBXNativeTarget section */
		26BA7B8D20400E09009052CD /* ARHero */ = {
			isa = PBXNativeTarget;
			buildConfigurationList = 26BA7BB820400E09009052CD /* Build configuration list for PBXNativeTarget "ARHero" */;
			buildPhases = (
				26BA7B8A20400E09009052CD /* Sources */,
				26BA7B8B20400E09009052CD /* Frameworks */,
				26BA7B8C20400E09009052CD /* Resources */,
			);
			buildRules = (
			);
			dependencies = (
			);
			name = ARHero;
			productName = ARHero;
			productReference = 26BA7B8E20400E09009052CD /* ARHero.app */;
			productType = "com.apple.product-type.application";
		};
		26BA7BA320400E09009052CD /* ARHeroTests */ = {
			isa = PBXNativeTarget;
			buildConfigurationList = 26BA7BBB20400E09009052CD /* Build configuration list for PBXNativeTarget "ARHeroTests" */;
			buildPhases = (
				26BA7BA020400E09009052CD /* Sources */,
				26BA7BA120400E09009052CD /* Frameworks */,
				26BA7BA220400E09009052CD /* Resources */,
			);
			buildRules = (
			);
			dependencies = (
				26BA7BA620400E09009052CD /* PBXTargetDependency */,
			);
			name = ARHeroTests;
			productName = ARHeroTests;
			productReference = 26BA7BA420400E09009052CD /* ARHeroTests.xctest */;
			productType = "com.apple.product-type.bundle.unit-test";
		};
		26BA7BAE20400E09009052CD /* ARHeroUITests */ = {
			isa = PBXNativeTarget;
			buildConfigurationList = 26BA7BBE20400E09009052CD /* Build configuration list for PBXNativeTarget "ARHeroUITests" */;
			buildPhases = (
				26BA7BAB20400E09009052CD /* Sources */,
				26BA7BAC20400E09009052CD /* Frameworks */,
				26BA7BAD20400E09009052CD /* Resources */,
			);
			buildRules = (
			);
			dependencies = (
				26BA7BB120400E09009052CD /* PBXTargetDependency */,
			);
			name = ARHeroUITests;
			productName = ARHeroUITests;
			productReference = 26BA7BAF20400E09009052CD /* ARHeroUITests.xctest */;
			productType = "com.apple.product-type.bundle.ui-testing";
		};
/* End PBXNativeTarget section */

/* Begin PBXProject section */
		26BA7B8620400E09009052CD /* Project object */ = {
			isa = PBXProject;
			attributes = {
				LastSwiftUpdateCheck = 0920;
				LastUpgradeCheck = 0920;
				ORGANIZATIONNAME = RyoheiArai;
				TargetAttributes = {
					26BA7B8D20400E09009052CD = {
						CreatedOnToolsVersion = 9.2;
						ProvisioningStyle = Automatic;
					};
					26BA7BA320400E09009052CD = {
						CreatedOnToolsVersion = 9.2;
						ProvisioningStyle = Automatic;
						TestTargetID = 26BA7B8D20400E09009052CD;
					};
					26BA7BAE20400E09009052CD = {
						CreatedOnToolsVersion = 9.2;
						ProvisioningStyle = Automatic;
						TestTargetID = 26BA7B8D20400E09009052CD;
					};
				};
			};
			buildConfigurationList = 26BA7B8920400E09009052CD /* Build configuration list for PBXProject "ARHero" */;
			compatibilityVersion = "Xcode 8.0";
			developmentRegion = en;
			hasScannedForEncodings = 0;
			knownRegions = (
				en,
				Base,
			);
			mainGroup = 26BA7B8520400E09009052CD;
			productRefGroup = 26BA7B8F20400E09009052CD /* Products */;
			projectDirPath = "";
			projectRoot = "";
			targets = (
				26BA7B8D20400E09009052CD /* ARHero */,
				26BA7BA320400E09009052CD /* ARHeroTests */,
				26BA7BAE20400E09009052CD /* ARHeroUITests */,
			);
		};
/* End PBXProject section */

/* Begin PBXResourcesBuildPhase section */
		26BA7B8C20400E09009052CD /* Resources */ = {
			isa = PBXResourcesBuildPhase;
			buildActionMask = 2147483647;
			files = (
				261247DB2043B57D00D95138 /* thruster.wav in Resources */,
				2612477920402C5700D95138 /* explosion.mp3 in Resources */,
				261247C820429DD800D95138 /* spark.png in Resources */,
				261247C720429DD800D95138 /* fire.scnp in Resources */,
				2612477B20402C5D00D95138 /* collision.mp3 in Resources */,
				26BA7B9420400E09009052CD /* art.scnassets in Resources */,
				261247D82043B4B900D95138 /* alert.wav in Resources */,
				26BA7B9E20400E09009052CD /* LaunchScreen.storyboard in Resources */,
				261247E32043FD9C00D95138 /* room.png in Resources */,
				261247D42042EE3600D95138 /* twitter.png in Resources */,
				261247DC2043B57D00D95138 /* missile.wav in Resources */,
				261247E92044094900D95138 /* cock.png in Resources */,
				266D372B2045006A00B6E5BD /* rock.jpg in Resources */,
				261247E12043C22100D95138 /* meteror.mp4 in Resources */,
				26BA7B9B20400E09009052CD /* Assets.xcassets in Resources */,
				261247EB20440B5600D95138 /* bg.png in Resources */,
				261247D22042EE3200D95138 /* facebook.png in Resources */,
				261247E52044056D00D95138 /* cockpit.png in Resources */,
				26BA7B9920400E09009052CD /* Main.storyboard in Resources */,
				261247F120440E7000D95138 /* circle.png in Resources */,
				261247ED20440DB400D95138 /* aiming.png in Resources */,
				261247772040247600D95138 /* explosion.scnp in Resources */,
			);
			runOnlyForDeploymentPostprocessing = 0;
		};
		26BA7BA220400E09009052CD /* Resources */ = {
			isa = PBXResourcesBuildPhase;
			buildActionMask = 2147483647;
			files = (
			);
			runOnlyForDeploymentPostprocessing = 0;
		};
		26BA7BAD20400E09009052CD /* Resources */ = {
			isa = PBXResourcesBuildPhase;
			buildActionMask = 2147483647;
			files = (
			);
			runOnlyForDeploymentPostprocessing = 0;
		};
/* End PBXResourcesBuildPhase section */

/* Begin PBXSourcesBuildPhase section */
		26BA7B8A20400E09009052CD /* Sources */ = {
			isa = PBXSourcesBuildPhase;
			buildActionMask = 2147483647;
			files = (
				2612478420406C0F00D95138 /* EarthPosition.swift in Sources */,
				261247D62043074B00D95138 /* InitialViewController.swift in Sources */,
				2612478620406C0F00D95138 /* Helper.swift in Sources */,
				2612476B2040106600D95138 /* SolarNode.swift in Sources */,
				261247D02042B95600D95138 /* Evaluation.swift in Sources */,
				26BA7B9620400E09009052CD /* ViewController.swift in Sources */,
				261247CE2042B57200D95138 /* AlertMessage.swift in Sources */,
				261247CA2042A55500D95138 /* ProgressBar.swift in Sources */,
				2612478520406C0F00D95138 /* Extension.swift in Sources */,
				26BA7B9220400E09009052CD /* AppDelegate.swift in Sources */,
				2612477520401EB600D95138 /* Bullet.swift in Sources */,
				261247CC2042A8EE00D95138 /* SKOverlay.swift in Sources */,
				261247DF2043BB6A00D95138 /* OnBoardShipViewController.swift in Sources */,
				2612478720406C0F00D95138 /* Constants.swift in Sources */,
			);
			runOnlyForDeploymentPostprocessing = 0;
		};
		26BA7BA020400E09009052CD /* Sources */ = {
			isa = PBXSourcesBuildPhase;
			buildActionMask = 2147483647;
			files = (
				26BA7BA920400E09009052CD /* ARHeroTests.swift in Sources */,
			);
			runOnlyForDeploymentPostprocessing = 0;
		};
		26BA7BAB20400E09009052CD /* Sources */ = {
			isa = PBXSourcesBuildPhase;
			buildActionMask = 2147483647;
			files = (
				26BA7BB420400E09009052CD /* ARHeroUITests.swift in Sources */,
			);
			runOnlyForDeploymentPostprocessing = 0;
		};
/* End PBXSourcesBuildPhase section */

/* Begin PBXTargetDependency section */
		26BA7BA620400E09009052CD /* PBXTargetDependency */ = {
			isa = PBXTargetDependency;
			target = 26BA7B8D20400E09009052CD /* ARHero */;
			targetProxy = 26BA7BA520400E09009052CD /* PBXContainerItemProxy */;
		};
		26BA7BB120400E09009052CD /* PBXTargetDependency */ = {
			isa = PBXTargetDependency;
			target = 26BA7B8D20400E09009052CD /* ARHero */;
			targetProxy = 26BA7BB020400E09009052CD /* PBXContainerItemProxy */;
		};
/* End PBXTargetDependency section */

/* Begin PBXVariantGroup section */
		26BA7B9720400E09009052CD /* Main.storyboard */ = {
			isa = PBXVariantGroup;
			children = (
				26BA7B9820400E09009052CD /* Base */,
			);
			name = Main.storyboard;
			sourceTree = "<group>";
		};
		26BA7B9C20400E09009052CD /* LaunchScreen.storyboard */ = {
			isa = PBXVariantGroup;
			children = (
				26BA7B9D20400E09009052CD /* Base */,
			);
			name = LaunchScreen.storyboard;
			sourceTree = "<group>";
		};
/* End PBXVariantGroup section */

/* Begin XCBuildConfiguration section */
		26BA7BB620400E09009052CD /* Debug */ = {
			isa = XCBuildConfiguration;
			buildSettings = {
				ALWAYS_SEARCH_USER_PATHS = NO;
				CLANG_ANALYZER_NONNULL = YES;
				CLANG_ANALYZER_NUMBER_OBJECT_CONVERSION = YES_AGGRESSIVE;
				CLANG_CXX_LANGUAGE_STANDARD = "gnu++14";
				CLANG_CXX_LIBRARY = "libc++";
				CLANG_ENABLE_MODULES = YES;
				CLANG_ENABLE_OBJC_ARC = YES;
				CLANG_WARN_BLOCK_CAPTURE_AUTORELEASING = YES;
				CLANG_WARN_BOOL_CONVERSION = YES;
				CLANG_WARN_COMMA = YES;
				CLANG_WARN_CONSTANT_CONVERSION = YES;
				CLANG_WARN_DIRECT_OBJC_ISA_USAGE = YES_ERROR;
				CLANG_WARN_DOCUMENTATION_COMMENTS = YES;
				CLANG_WARN_EMPTY_BODY = YES;
				CLANG_WARN_ENUM_CONVERSION = YES;
				CLANG_WARN_INFINITE_RECURSION = YES;
				CLANG_WARN_INT_CONVERSION = YES;
				CLANG_WARN_NON_LITERAL_NULL_CONVERSION = YES;
				CLANG_WARN_OBJC_LITERAL_CONVERSION = YES;
				CLANG_WARN_OBJC_ROOT_CLASS = YES_ERROR;
				CLANG_WARN_RANGE_LOOP_ANALYSIS = YES;
				CLANG_WARN_STRICT_PROTOTYPES = YES;
				CLANG_WARN_SUSPICIOUS_MOVE = YES;
				CLANG_WARN_UNGUARDED_AVAILABILITY = YES_AGGRESSIVE;
				CLANG_WARN_UNREACHABLE_CODE = YES;
				CLANG_WARN__DUPLICATE_METHOD_MATCH = YES;
				CODE_SIGN_IDENTITY = "iPhone Developer";
				COPY_PHASE_STRIP = NO;
				DEBUG_INFORMATION_FORMAT = dwarf;
				ENABLE_STRICT_OBJC_MSGSEND = YES;
				ENABLE_TESTABILITY = YES;
				GCC_C_LANGUAGE_STANDARD = gnu11;
				GCC_DYNAMIC_NO_PIC = NO;
				GCC_NO_COMMON_BLOCKS = YES;
				GCC_OPTIMIZATION_LEVEL = 0;
				GCC_PREPROCESSOR_DEFINITIONS = (
					"DEBUG=1",
					"$(inherited)",
				);
				GCC_WARN_64_TO_32_BIT_CONVERSION = YES;
				GCC_WARN_ABOUT_RETURN_TYPE = YES_ERROR;
				GCC_WARN_UNDECLARED_SELECTOR = YES;
				GCC_WARN_UNINITIALIZED_AUTOS = YES_AGGRESSIVE;
				GCC_WARN_UNUSED_FUNCTION = YES;
				GCC_WARN_UNUSED_VARIABLE = YES;
				IPHONEOS_DEPLOYMENT_TARGET = 11.2;
				MTL_ENABLE_DEBUG_INFO = YES;
				ONLY_ACTIVE_ARCH = YES;
				SDKROOT = iphoneos;
				SWIFT_ACTIVE_COMPILATION_CONDITIONS = DEBUG;
				SWIFT_OPTIMIZATION_LEVEL = "-Onone";
			};
			name = Debug;
		};
		26BA7BB720400E09009052CD /* Release */ = {
			isa = XCBuildConfiguration;
			buildSettings = {
				ALWAYS_SEARCH_USER_PATHS = NO;
				CLANG_ANALYZER_NONNULL = YES;
				CLANG_ANALYZER_NUMBER_OBJECT_CONVERSION = YES_AGGRESSIVE;
				CLANG_CXX_LANGUAGE_STANDARD = "gnu++14";
				CLANG_CXX_LIBRARY = "libc++";
				CLANG_ENABLE_MODULES = YES;
				CLANG_ENABLE_OBJC_ARC = YES;
				CLANG_WARN_BLOCK_CAPTURE_AUTORELEASING = YES;
				CLANG_WARN_BOOL_CONVERSION = YES;
				CLANG_WARN_COMMA = YES;
				CLANG_WARN_CONSTANT_CONVERSION = YES;
				CLANG_WARN_DIRECT_OBJC_ISA_USAGE = YES_ERROR;
				CLANG_WARN_DOCUMENTATION_COMMENTS = YES;
				CLANG_WARN_EMPTY_BODY = YES;
				CLANG_WARN_ENUM_CONVERSION = YES;
				CLANG_WARN_INFINITE_RECURSION = YES;
				CLANG_WARN_INT_CONVERSION = YES;
				CLANG_WARN_NON_LITERAL_NULL_CONVERSION = YES;
				CLANG_WARN_OBJC_LITERAL_CONVERSION = YES;
				CLANG_WARN_OBJC_ROOT_CLASS = YES_ERROR;
				CLANG_WARN_RANGE_LOOP_ANALYSIS = YES;
				CLANG_WARN_STRICT_PROTOTYPES = YES;
				CLANG_WARN_SUSPICIOUS_MOVE = YES;
				CLANG_WARN_UNGUARDED_AVAILABILITY = YES_AGGRESSIVE;
				CLANG_WARN_UNREACHABLE_CODE = YES;
				CLANG_WARN__DUPLICATE_METHOD_MATCH = YES;
				CODE_SIGN_IDENTITY = "iPhone Developer";
				COPY_PHASE_STRIP = NO;
				DEBUG_INFORMATION_FORMAT = "dwarf-with-dsym";
				ENABLE_NS_ASSERTIONS = NO;
				ENABLE_STRICT_OBJC_MSGSEND = YES;
				GCC_C_LANGUAGE_STANDARD = gnu11;
				GCC_NO_COMMON_BLOCKS = YES;
				GCC_WARN_64_TO_32_BIT_CONVERSION = YES;
				GCC_WARN_ABOUT_RETURN_TYPE = YES_ERROR;
				GCC_WARN_UNDECLARED_SELECTOR = YES;
				GCC_WARN_UNINITIALIZED_AUTOS = YES_AGGRESSIVE;
				GCC_WARN_UNUSED_FUNCTION = YES;
				GCC_WARN_UNUSED_VARIABLE = YES;
				IPHONEOS_DEPLOYMENT_TARGET = 11.2;
				MTL_ENABLE_DEBUG_INFO = NO;
				SDKROOT = iphoneos;
				SWIFT_OPTIMIZATION_LEVEL = "-Owholemodule";
				VALIDATE_PRODUCT = YES;
			};
			name = Release;
		};
		26BA7BB920400E09009052CD /* Debug */ = {
			isa = XCBuildConfiguration;
			buildSettings = {
				ASSETCATALOG_COMPILER_APPICON_NAME = AppIcon;
				CODE_SIGN_STYLE = Automatic;
				DEVELOPMENT_TEAM = M9VH3NDHUF;
				INFOPLIST_FILE = ARHero/Info.plist;
				LD_RUNPATH_SEARCH_PATHS = "$(inherited) @executable_path/Frameworks";
				PRODUCT_BUNDLE_IDENTIFIER = com.ryohei.ARHero;
				PRODUCT_NAME = "$(TARGET_NAME)";
				SWIFT_VERSION = 4.0;
				TARGETED_DEVICE_FAMILY = "1,2";
			};
			name = Debug;
		};
		26BA7BBA20400E09009052CD /* Release */ = {
			isa = XCBuildConfiguration;
			buildSettings = {
				ASSETCATALOG_COMPILER_APPICON_NAME = AppIcon;
				CODE_SIGN_STYLE = Automatic;
				DEVELOPMENT_TEAM = M9VH3NDHUF;
				INFOPLIST_FILE = ARHero/Info.plist;
				LD_RUNPATH_SEARCH_PATHS = "$(inherited) @executable_path/Frameworks";
				PRODUCT_BUNDLE_IDENTIFIER = com.ryohei.ARHero;
				PRODUCT_NAME = "$(TARGET_NAME)";
				SWIFT_VERSION = 4.0;
				TARGETED_DEVICE_FAMILY = "1,2";
			};
			name = Release;
		};
		26BA7BBC20400E09009052CD /* Debug */ = {
			isa = XCBuildConfiguration;
			buildSettings = {
				ALWAYS_EMBED_SWIFT_STANDARD_LIBRARIES = YES;
				BUNDLE_LOADER = "$(TEST_HOST)";
				CODE_SIGN_STYLE = Automatic;
				DEVELOPMENT_TEAM = M9VH3NDHUF;
				INFOPLIST_FILE = ARHeroTests/Info.plist;
				LD_RUNPATH_SEARCH_PATHS = "$(inherited) @executable_path/Frameworks @loader_path/Frameworks";
				PRODUCT_BUNDLE_IDENTIFIER = com.ryohei.ARHeroTests;
				PRODUCT_NAME = "$(TARGET_NAME)";
				SWIFT_VERSION = 4.0;
				TARGETED_DEVICE_FAMILY = "1,2";
				TEST_HOST = "$(BUILT_PRODUCTS_DIR)/ARHero.app/ARHero";
			};
			name = Debug;
		};
		26BA7BBD20400E09009052CD /* Release */ = {
			isa = XCBuildConfiguration;
			buildSettings = {
				ALWAYS_EMBED_SWIFT_STANDARD_LIBRARIES = YES;
				BUNDLE_LOADER = "$(TEST_HOST)";
				CODE_SIGN_STYLE = Automatic;
				DEVELOPMENT_TEAM = M9VH3NDHUF;
				INFOPLIST_FILE = ARHeroTests/Info.plist;
				LD_RUNPATH_SEARCH_PATHS = "$(inherited) @executable_path/Frameworks @loader_path/Frameworks";
				PRODUCT_BUNDLE_IDENTIFIER = com.ryohei.ARHeroTests;
				PRODUCT_NAME = "$(TARGET_NAME)";
				SWIFT_VERSION = 4.0;
				TARGETED_DEVICE_FAMILY = "1,2";
				TEST_HOST = "$(BUILT_PRODUCTS_DIR)/ARHero.app/ARHero";
			};
			name = Release;
		};
		26BA7BBF20400E09009052CD /* Debug */ = {
			isa = XCBuildConfiguration;
			buildSettings = {
				ALWAYS_EMBED_SWIFT_STANDARD_LIBRARIES = YES;
				CODE_SIGN_STYLE = Automatic;
				DEVELOPMENT_TEAM = M9VH3NDHUF;
				INFOPLIST_FILE = ARHeroUITests/Info.plist;
				LD_RUNPATH_SEARCH_PATHS = "$(inherited) @executable_path/Frameworks @loader_path/Frameworks";
				PRODUCT_BUNDLE_IDENTIFIER = com.ryohei.ARHeroUITests;
				PRODUCT_NAME = "$(TARGET_NAME)";
				SWIFT_VERSION = 4.0;
				TARGETED_DEVICE_FAMILY = "1,2";
				TEST_TARGET_NAME = ARHero;
			};
			name = Debug;
		};
		26BA7BC020400E09009052CD /* Release */ = {
			isa = XCBuildConfiguration;
			buildSettings = {
				ALWAYS_EMBED_SWIFT_STANDARD_LIBRARIES = YES;
				CODE_SIGN_STYLE = Automatic;
				DEVELOPMENT_TEAM = M9VH3NDHUF;
				INFOPLIST_FILE = ARHeroUITests/Info.plist;
				LD_RUNPATH_SEARCH_PATHS = "$(inherited) @executable_path/Frameworks @loader_path/Frameworks";
				PRODUCT_BUNDLE_IDENTIFIER = com.ryohei.ARHeroUITests;
				PRODUCT_NAME = "$(TARGET_NAME)";
				SWIFT_VERSION = 4.0;
				TARGETED_DEVICE_FAMILY = "1,2";
				TEST_TARGET_NAME = ARHero;
			};
			name = Release;
		};
/* End XCBuildConfiguration section */

/* Begin XCConfigurationList section */
		26BA7B8920400E09009052CD /* Build configuration list for PBXProject "ARHero" */ = {
			isa = XCConfigurationList;
			buildConfigurations = (
				26BA7BB620400E09009052CD /* Debug */,
				26BA7BB720400E09009052CD /* Release */,
			);
			defaultConfigurationIsVisible = 0;
			defaultConfigurationName = Release;
		};
		26BA7BB820400E09009052CD /* Build configuration list for PBXNativeTarget "ARHero" */ = {
			isa = XCConfigurationList;
			buildConfigurations = (
				26BA7BB920400E09009052CD /* Debug */,
				26BA7BBA20400E09009052CD /* Release */,
			);
			defaultConfigurationIsVisible = 0;
			defaultConfigurationName = Release;
		};
		26BA7BBB20400E09009052CD /* Build configuration list for PBXNativeTarget "ARHeroTests" */ = {
			isa = XCConfigurationList;
			buildConfigurations = (
				26BA7BBC20400E09009052CD /* Debug */,
				26BA7BBD20400E09009052CD /* Release */,
			);
			defaultConfigurationIsVisible = 0;
			defaultConfigurationName = Release;
		};
		26BA7BBE20400E09009052CD /* Build configuration list for PBXNativeTarget "ARHeroUITests" */ = {
			isa = XCConfigurationList;
			buildConfigurations = (
				26BA7BBF20400E09009052CD /* Debug */,
				26BA7BC020400E09009052CD /* Release */,
			);
			defaultConfigurationIsVisible = 0;
			defaultConfigurationName = Release;
		};
/* End XCConfigurationList section */
	};
	rootObject = 26BA7B8620400E09009052CD /* Project object */;
}
